
Microsoft Visual Studio Solution File, Format Version 12.00
# Visual Studio 14
VisualStudioVersion = 14.0.25420.1
MinimumVisualStudioVersion = 10.0.40219.1
Project("{FAE04EC0-301F-11D3-BF4B-00C04F79EFBC}") = "ArrayOfStudents - Eric Klostermeyer", "ArrayOfStudents - Eric Klostermeyer\ArrayOfStudents - Eric Klostermeyer.csproj", "{66BCCB09-50D3-408C-9C28-20E0B5970CE0}"
EndProject
Project("{2150E333-8FDC-42A3-9474-1A3956D46DE8}") = "Solution Items", "Solution Items", "{4D43EDC1-0285-48F5-AA93-921F1E24ECF5}"
	ProjectSection(SolutionItems) = preProject
		Student.cs = Student.cs
	EndProjectSection
EndProject
Global
	GlobalSection(SolutionConfigurationPlatforms) = preSolution
		Debug|Any CPU = Debug|Any CPU
		Release|Any CPU = Release|Any CPU
	EndGlobalSection
	GlobalSection(ProjectConfigurationPlatforms) = postSolution
		{66BCCB09-50D3-408C-9C28-20E0B5970CE0}.Debug|Any CPU.ActiveCfg = Debug|Any CPU
		{66BCCB09-50D3-408C-9C28-20E0B5970CE0}.Debug|Any CPU.Build.0 = Debug|Any CPU
		{66BCCB09-50D3-408C-9C28-20E0B5970CE0}.Release|Any CPU.ActiveCfg = Release|Any CPU
		{66BCCB09-50D3-408C-9C28-20E0B5970CE0}.Release|Any CPU.Build.0 = Release|Any CPU
	EndGlobalSection
	GlobalSection(SolutionProperties) = preSolution
		HideSolutionNode = FALSE
	EndGlobalSection
EndGlobal
